
Microsoft Visual Studio Solution File, Format Version 12.00
# Visual Studio Version 16
VisualStudioVersion = 16.0.30011.22
MinimumVisualStudioVersion = 10.0.40219.1
Project("{FAE04EC0-301F-11D3-BF4B-00C04F79EFBC}") = "ColoresCambio.Android", "ColoresCambio.Android\ColoresCambio.Android.csproj", "{34B50CC1-F711-4ADE-9FD5-18315BBB3727}"
EndProject
Project("{FAE04EC0-301F-11D3-BF4B-00C04F79EFBC}") = "ColoresCambio", "ColoresCambio\ColoresCambio.csproj", "{8F1302AF-0145-4215-90E3-E3F93C278581}"
EndProject
Global
	GlobalSection(SolutionConfigurationPlatforms) = preSolution
		Debug|Any CPU = Debug|Any CPU
		Release|Any CPU = Release|Any CPU
	EndGlobalSection
	GlobalSection(ProjectConfigurationPlatforms) = postSolution
		{34B50CC1-F711-4ADE-9FD5-18315BBB3727}.Debug|Any CPU.ActiveCfg = Debug|Any CPU
		{34B50CC1-F711-4ADE-9FD5-18315BBB3727}.Debug|Any CPU.Build.0 = Debug|Any CPU
		{34B50CC1-F711-4ADE-9FD5-18315BBB3727}.Debug|Any CPU.Deploy.0 = Debug|Any CPU
		{34B50CC1-F711-4ADE-9FD5-18315BBB3727}.Release|Any CPU.ActiveCfg = Release|Any CPU
		{34B50CC1-F711-4ADE-9FD5-18315BBB3727}.Release|Any CPU.Build.0 = Release|Any CPU
		{34B50CC1-F711-4ADE-9FD5-18315BBB3727}.Release|Any CPU.Deploy.0 = Release|Any CPU
		{8F1302AF-0145-4215-90E3-E3F93C278581}.Debug|Any CPU.ActiveCfg = Debug|Any CPU
		{8F1302AF-0145-4215-90E3-E3F93C278581}.Debug|Any CPU.Build.0 = Debug|Any CPU
		{8F1302AF-0145-4215-90E3-E3F93C278581}.Debug|Any CPU.Deploy.0 = Debug|Any CPU
		{8F1302AF-0145-4215-90E3-E3F93C278581}.Release|Any CPU.ActiveCfg = Release|Any CPU
		{8F1302AF-0145-4215-90E3-E3F93C278581}.Release|Any CPU.Build.0 = Release|Any CPU
		{8F1302AF-0145-4215-90E3-E3F93C278581}.Release|Any CPU.Deploy.0 = Release|Any CPU
	EndGlobalSection
	GlobalSection(SolutionProperties) = preSolution
		HideSolutionNode = FALSE
	EndGlobalSection
	GlobalSection(ExtensibilityGlobals) = postSolution
		SolutionGuid = {93AB2E6B-8843-4081-94DF-AF7CF92E77B5}
	EndGlobalSection
EndGlobal
